// !$*UTF8*$!
{
	archiveVersion = 1;
	classes = {
	};
	objectVersion = 50;
	objects = {

/* Begin PBXBuildFile section */
		1F0D577824A3AA2500435F37 /* OrderButton.swift in Sources */ = {isa = PBXBuildFile; fileRef = 1F0D577724A3AA2500435F37 /* OrderButton.swift */; };
		1F299F1324896A480094511A /* AppDelegate.swift in Sources */ = {isa = PBXBuildFile; fileRef = 1F299F1224896A480094511A /* AppDelegate.swift */; };
		1F299F1524896A480094511A /* SceneDelegate.swift in Sources */ = {isa = PBXBuildFile; fileRef = 1F299F1424896A480094511A /* SceneDelegate.swift */; };
		1F299F1824896A480094511A /* FLC.xcdatamodeld in Sources */ = {isa = PBXBuildFile; fileRef = 1F299F1624896A480094511A /* FLC.xcdatamodeld */; };
		1F299F1A24896A480094511A /* ContentView.swift in Sources */ = {isa = PBXBuildFile; fileRef = 1F299F1924896A480094511A /* ContentView.swift */; };
		1F299F1C24896A4C0094511A /* Assets.xcassets in Resources */ = {isa = PBXBuildFile; fileRef = 1F299F1B24896A4C0094511A /* Assets.xcassets */; };
		1F299F1F24896A4C0094511A /* Preview Assets.xcassets in Resources */ = {isa = PBXBuildFile; fileRef = 1F299F1E24896A4C0094511A /* Preview Assets.xcassets */; };
		1F299F2224896A4C0094511A /* LaunchScreen.storyboard in Resources */ = {isa = PBXBuildFile; fileRef = 1F299F2024896A4C0094511A /* LaunchScreen.storyboard */; };
		1F299F2A24896B790094511A /* Model.swift in Sources */ = {isa = PBXBuildFile; fileRef = 1F299F2924896B790094511A /* Model.swift */; };
		1F299F2D248972C70094511A /* LineCell.swift in Sources */ = {isa = PBXBuildFile; fileRef = 1F299F2C248972C70094511A /* LineCell.swift */; };
		1F299F2F248EFCDB0094511A /* SpoonDetailCell.swift in Sources */ = {isa = PBXBuildFile; fileRef = 1F299F2E248EFCDB0094511A /* SpoonDetailCell.swift */; };
		1F299F31248F02F40094511A /* SliderCell.swift in Sources */ = {isa = PBXBuildFile; fileRef = 1F299F30248F02F40094511A /* SliderCell.swift */; };
		1F299F5A248FC0700094511A /* FishingLineMainScreenCell.swift in Sources */ = {isa = PBXBuildFile; fileRef = 1F299F59248FC0700094511A /* FishingLineMainScreenCell.swift */; };
		1F299F5E248FD28E0094511A /* SpoonTableWeight.swift in Sources */ = {isa = PBXBuildFile; fileRef = 1F299F5D248FD28E0094511A /* SpoonTableWeight.swift */; };
		1F299F63249054E30094511A /* Order.swift in Sources */ = {isa = PBXBuildFile; fileRef = 1F299F62249054E30094511A /* Order.swift */; };
		1F299F65249059320094511A /* OrderView.swift in Sources */ = {isa = PBXBuildFile; fileRef = 1F299F64249059320094511A /* OrderView.swift */; };
		1F299F67249061570094511A /* OrderCell.swift in Sources */ = {isa = PBXBuildFile; fileRef = 1F299F66249061570094511A /* OrderCell.swift */; };
		1F299F69249270810094511A /* FishingLineGroup.swift in Sources */ = {isa = PBXBuildFile; fileRef = 1F299F68249270810094511A /* FishingLineGroup.swift */; };
		1F299F6B249274ED0094511A /* FishingDetailCell.swift in Sources */ = {isa = PBXBuildFile; fileRef = 1F299F6A249274ED0094511A /* FishingDetailCell.swift */; };
		1F299F6D249277410094511A /* FishingLineTableWeight.swift in Sources */ = {isa = PBXBuildFile; fileRef = 1F299F6C249277410094511A /* FishingLineTableWeight.swift */; };
		4046E8392494DFCF000F56EF /* FishingLineSection.swift in Sources */ = {isa = PBXBuildFile; fileRef = 4046E8382494DFCF000F56EF /* FishingLineSection.swift */; };
		404B071A248DAE0B0090A49A /* SpoonCell.swift in Sources */ = {isa = PBXBuildFile; fileRef = 404B0719248DAE0B0090A49A /* SpoonCell.swift */; };
		404B071C248DAE290090A49A /* MainScreen.swift in Sources */ = {isa = PBXBuildFile; fileRef = 404B071B248DAE290090A49A /* MainScreen.swift */; };
		404B071E248DB4490090A49A /* SpoonMainScreenCell.swift in Sources */ = {isa = PBXBuildFile; fileRef = 404B071D248DB4490090A49A /* SpoonMainScreenCell.swift */; };
/* End PBXBuildFile section */

/* Begin PBXFileReference section */
		1F0D577724A3AA2500435F37 /* OrderButton.swift */ = {isa = PBXFileReference; lastKnownFileType = sourcecode.swift; path = OrderButton.swift; sourceTree = "<group>"; };
		1F299F0F24896A480094511A /* FLC.app */ = {isa = PBXFileReference; explicitFileType = wrapper.application; includeInIndex = 0; path = FLC.app; sourceTree = BUILT_PRODUCTS_DIR; };
		1F299F1224896A480094511A /* AppDelegate.swift */ = {isa = PBXFileReference; lastKnownFileType = sourcecode.swift; path = AppDelegate.swift; sourceTree = "<group>"; };
		1F299F1424896A480094511A /* SceneDelegate.swift */ = {isa = PBXFileReference; lastKnownFileType = sourcecode.swift; path = SceneDelegate.swift; sourceTree = "<group>"; };
		1F299F1724896A480094511A /* FLC.xcdatamodel */ = {isa = PBXFileReference; lastKnownFileType = wrapper.xcdatamodel; path = FLC.xcdatamodel; sourceTree = "<group>"; };
		1F299F1924896A480094511A /* ContentView.swift */ = {isa = PBXFileReference; lastKnownFileType = sourcecode.swift; path = ContentView.swift; sourceTree = "<group>"; };
		1F299F1B24896A4C0094511A /* Assets.xcassets */ = {isa = PBXFileReference; lastKnownFileType = folder.assetcatalog; path = Assets.xcassets; sourceTree = "<group>"; };
		1F299F1E24896A4C0094511A /* Preview Assets.xcassets */ = {isa = PBXFileReference; lastKnownFileType = folder.assetcatalog; path = "Preview Assets.xcassets"; sourceTree = "<group>"; };
		1F299F2124896A4C0094511A /* Base */ = {isa = PBXFileReference; lastKnownFileType = file.storyboard; name = Base; path = Base.lproj/LaunchScreen.storyboard; sourceTree = "<group>"; };
		1F299F2324896A4C0094511A /* Info.plist */ = {isa = PBXFileReference; lastKnownFileType = text.plist.xml; path = Info.plist; sourceTree = "<group>"; };
		1F299F2924896B790094511A /* Model.swift */ = {isa = PBXFileReference; lastKnownFileType = sourcecode.swift; path = Model.swift; sourceTree = "<group>"; };
		1F299F2C248972C70094511A /* LineCell.swift */ = {isa = PBXFileReference; lastKnownFileType = sourcecode.swift; path = LineCell.swift; sourceTree = "<group>"; };
		1F299F2E248EFCDB0094511A /* SpoonDetailCell.swift */ = {isa = PBXFileReference; lastKnownFileType = sourcecode.swift; path = SpoonDetailCell.swift; sourceTree = "<group>"; };
		1F299F30248F02F40094511A /* SliderCell.swift */ = {isa = PBXFileReference; lastKnownFileType = sourcecode.swift; path = SliderCell.swift; sourceTree = "<group>"; };
		1F299F59248FC0700094511A /* FishingLineMainScreenCell.swift */ = {isa = PBXFileReference; lastKnownFileType = sourcecode.swift; path = FishingLineMainScreenCell.swift; sourceTree = "<group>"; };
		1F299F5D248FD28E0094511A /* SpoonTableWeight.swift */ = {isa = PBXFileReference; lastKnownFileType = sourcecode.swift; path = SpoonTableWeight.swift; sourceTree = "<group>"; };
		1F299F62249054E30094511A /* Order.swift */ = {isa = PBXFileReference; lastKnownFileType = sourcecode.swift; path = Order.swift; sourceTree = "<group>"; };
		1F299F64249059320094511A /* OrderView.swift */ = {isa = PBXFileReference; lastKnownFileType = sourcecode.swift; path = OrderView.swift; sourceTree = "<group>"; };
		1F299F66249061570094511A /* OrderCell.swift */ = {isa = PBXFileReference; lastKnownFileType = sourcecode.swift; path = OrderCell.swift; sourceTree = "<group>"; };
		1F299F68249270810094511A /* FishingLineGroup.swift */ = {isa = PBXFileReference; lastKnownFileType = sourcecode.swift; path = FishingLineGroup.swift; sourceTree = "<group>"; };
		1F299F6A249274ED0094511A /* FishingDetailCell.swift */ = {isa = PBXFileReference; lastKnownFileType = sourcecode.swift; path = FishingDetailCell.swift; sourceTree = "<group>"; };
		1F299F6C249277410094511A /* FishingLineTableWeight.swift */ = {isa = PBXFileReference; lastKnownFileType = sourcecode.swift; path = FishingLineTableWeight.swift; sourceTree = "<group>"; };
		4046E8382494DFCF000F56EF /* FishingLineSection.swift */ = {isa = PBXFileReference; lastKnownFileType = sourcecode.swift; path = FishingLineSection.swift; sourceTree = "<group>"; };
		404B0719248DAE0B0090A49A /* SpoonCell.swift */ = {isa = PBXFileReference; lastKnownFileType = sourcecode.swift; path = SpoonCell.swift; sourceTree = "<group>"; };
		404B071B248DAE290090A49A /* MainScreen.swift */ = {isa = PBXFileReference; lastKnownFileType = sourcecode.swift; path = MainScreen.swift; sourceTree = "<group>"; };
		404B071D248DB4490090A49A /* SpoonMainScreenCell.swift */ = {isa = PBXFileReference; lastKnownFileType = sourcecode.swift; path = SpoonMainScreenCell.swift; sourceTree = "<group>"; };
/* End PBXFileReference section */

/* Begin PBXFrameworksBuildPhase section */
		1F299F0C24896A480094511A /* Frameworks */ = {
			isa = PBXFrameworksBuildPhase;
			buildActionMask = 2147483647;
			files = (
			);
			runOnlyForDeploymentPostprocessing = 0;
		};
/* End PBXFrameworksBuildPhase section */

/* Begin PBXGroup section */
		1F0D576E24A360B200435F37 /* Cart */ = {
			isa = PBXGroup;
			children = (
			);
			path = Cart;
			sourceTree = "<group>";
		};
		1F299F0624896A480094511A = {
			isa = PBXGroup;
			children = (
				1F299F1124896A480094511A /* FLC */,
				1F299F1024896A480094511A /* Products */,
			);
			sourceTree = "<group>";
		};
		1F299F1024896A480094511A /* Products */ = {
			isa = PBXGroup;
			children = (
				1F299F0F24896A480094511A /* FLC.app */,
			);
			name = Products;
			sourceTree = "<group>";
		};
		1F299F1124896A480094511A /* FLC */ = {
			isa = PBXGroup;
			children = (
				1F0D576E24A360B200435F37 /* Cart */,
				1F299F1224896A480094511A /* AppDelegate.swift */,
				1F299F1424896A480094511A /* SceneDelegate.swift */,
				1F299F5B248FC1670094511A /* FLC */,
				1F299F2B24896B7D0094511A /* Model */,
				404B071B248DAE290090A49A /* MainScreen.swift */,
				1F299F5F249054740094511A /* Core Date */,
				1F299F5C248FD1A00094511A /* Spoon */,
				404B0718248DADD80090A49A /* FishingLine */,
				1F299F1B24896A4C0094511A /* Assets.xcassets */,
				1F299F2024896A4C0094511A /* LaunchScreen.storyboard */,
				1F299F2324896A4C0094511A /* Info.plist */,
				1F299F1624896A480094511A /* FLC.xcdatamodeld */,
				1F299F1D24896A4C0094511A /* Preview Content */,
			);
			path = FLC;
			sourceTree = "<group>";
		};
		1F299F1D24896A4C0094511A /* Preview Content */ = {
			isa = PBXGroup;
			children = (
				1F299F1E24896A4C0094511A /* Preview Assets.xcassets */,
			);
			path = "Preview Content";
			sourceTree = "<group>";
		};
		1F299F2B24896B7D0094511A /* Model */ = {
			isa = PBXGroup;
			children = (
				1F299F2924896B790094511A /* Model.swift */,
			);
			path = Model;
			sourceTree = "<group>";
		};
		1F299F5B248FC1670094511A /* FLC */ = {
			isa = PBXGroup;
			children = (
				1F299F1924896A480094511A /* ContentView.swift */,
				1F299F2C248972C70094511A /* LineCell.swift */,
			);
			path = FLC;
			sourceTree = "<group>";
		};
		1F299F5C248FD1A00094511A /* Spoon */ = {
			isa = PBXGroup;
			children = (
				404B0719248DAE0B0090A49A /* SpoonCell.swift */,
				1F299F5D248FD28E0094511A /* SpoonTableWeight.swift */,
				1F299F2E248EFCDB0094511A /* SpoonDetailCell.swift */,
				1F299F30248F02F40094511A /* SliderCell.swift */,
				404B071D248DB4490090A49A /* SpoonMainScreenCell.swift */,
			);
			path = Spoon;
			sourceTree = "<group>";
		};
		1F299F5F249054740094511A /* Core Date */ = {
			isa = PBXGroup;
			children = (
				1F299F62249054E30094511A /* Order.swift */,
				1F299F66249061570094511A /* OrderCell.swift */,
				1F299F64249059320094511A /* OrderView.swift */,
				1F0D577724A3AA2500435F37 /* OrderButton.swift */,
			);
			path = "Core Date";
			sourceTree = "<group>";
		};
		404B0718248DADD80090A49A /* FishingLine */ = {
			isa = PBXGroup;
			children = (
				1F299F59248FC0700094511A /* FishingLineMainScreenCell.swift */,
				1F299F68249270810094511A /* FishingLineGroup.swift */,
				1F299F6A249274ED0094511A /* FishingDetailCell.swift */,
				1F299F6C249277410094511A /* FishingLineTableWeight.swift */,
				4046E8382494DFCF000F56EF /* FishingLineSection.swift */,
			);
			path = FishingLine;
			sourceTree = "<group>";
		};
/* End PBXGroup section */

/* Begin PBXNativeTarget section */
		1F299F0E24896A480094511A /* FLC */ = {
			isa = PBXNativeTarget;
			buildConfigurationList = 1F299F2624896A4C0094511A /* Build configuration list for PBXNativeTarget "FLC" */;
			buildPhases = (
				1F299F0B24896A480094511A /* Sources */,
				1F299F0C24896A480094511A /* Frameworks */,
				1F299F0D24896A480094511A /* Resources */,
			);
			buildRules = (
			);
			dependencies = (
			);
			name = FLC;
			productName = FLC;
			productReference = 1F299F0F24896A480094511A /* FLC.app */;
			productType = "com.apple.product-type.application";
		};
/* End PBXNativeTarget section */

/* Begin PBXProject section */
		1F299F0724896A480094511A /* Project object */ = {
			isa = PBXProject;
			attributes = {
				LastSwiftUpdateCheck = 1150;
				LastUpgradeCheck = 1150;
				ORGANIZATIONNAME = Bizblk;
				TargetAttributes = {
					1F299F0E24896A480094511A = {
						CreatedOnToolsVersion = 11.5;
					};
				};
			};
			buildConfigurationList = 1F299F0A24896A480094511A /* Build configuration list for PBXProject "FLC" */;
			compatibilityVersion = "Xcode 9.3";
			developmentRegion = en;
			hasScannedForEncodings = 0;
			knownRegions = (
				en,
				Base,
			);
			mainGroup = 1F299F0624896A480094511A;
			productRefGroup = 1F299F1024896A480094511A /* Products */;
			projectDirPath = "";
			projectRoot = "";
			targets = (
				1F299F0E24896A480094511A /* FLC */,
			);
		};
/* End PBXProject section */

/* Begin PBXResourcesBuildPhase section */
		1F299F0D24896A480094511A /* Resources */ = {
			isa = PBXResourcesBuildPhase;
			buildActionMask = 2147483647;
			files = (
				1F299F2224896A4C0094511A /* LaunchScreen.storyboard in Resources */,
				1F299F1F24896A4C0094511A /* Preview Assets.xcassets in Resources */,
				1F299F1C24896A4C0094511A /* Assets.xcassets in Resources */,
			);
			runOnlyForDeploymentPostprocessing = 0;
		};
/* End PBXResourcesBuildPhase section */

/* Begin PBXSourcesBuildPhase section */
		1F299F0B24896A480094511A /* Sources */ = {
			isa = PBXSourcesBuildPhase;
			buildActionMask = 2147483647;
			files = (
				1F299F31248F02F40094511A /* SliderCell.swift in Sources */,
				1F299F2A24896B790094511A /* Model.swift in Sources */,
				1F299F1824896A480094511A /* FLC.xcdatamodeld in Sources */,
				1F299F5E248FD28E0094511A /* SpoonTableWeight.swift in Sources */,
				404B071A248DAE0B0090A49A /* SpoonCell.swift in Sources */,
				404B071C248DAE290090A49A /* MainScreen.swift in Sources */,
				1F299F67249061570094511A /* OrderCell.swift in Sources */,
				1F299F63249054E30094511A /* Order.swift in Sources */,
				1F299F1324896A480094511A /* AppDelegate.swift in Sources */,
				1F299F69249270810094511A /* FishingLineGroup.swift in Sources */,
				1F299F2D248972C70094511A /* LineCell.swift in Sources */,
				1F299F65249059320094511A /* OrderView.swift in Sources */,
				1F299F6D249277410094511A /* FishingLineTableWeight.swift in Sources */,
				1F299F5A248FC0700094511A /* FishingLineMainScreenCell.swift in Sources */,
				404B071E248DB4490090A49A /* SpoonMainScreenCell.swift in Sources */,
				1F299F1A24896A480094511A /* ContentView.swift in Sources */,
				4046E8392494DFCF000F56EF /* FishingLineSection.swift in Sources */,
				1F299F6B249274ED0094511A /* FishingDetailCell.swift in Sources */,
				1F299F2F248EFCDB0094511A /* SpoonDetailCell.swift in Sources */,
				1F0D577824A3AA2500435F37 /* OrderButton.swift in Sources */,
				1F299F1524896A480094511A /* SceneDelegate.swift in Sources */,
			);
			runOnlyForDeploymentPostprocessing = 0;
		};
/* End PBXSourcesBuildPhase section */

/* Begin PBXVariantGroup section */
		1F299F2024896A4C0094511A /* LaunchScreen.storyboard */ = {
			isa = PBXVariantGroup;
			children = (
				1F299F2124896A4C0094511A /* Base */,
			);
			name = LaunchScreen.storyboard;
			sourceTree = "<group>";
		};
/* End PBXVariantGroup section */

/* Begin XCBuildConfiguration section */
		1F299F2424896A4C0094511A /* Debug */ = {
			isa = XCBuildConfiguration;
			buildSettings = {
				ALWAYS_SEARCH_USER_PATHS = NO;
				CLANG_ANALYZER_NONNULL = YES;
				CLANG_ANALYZER_NUMBER_OBJECT_CONVERSION = YES_AGGRESSIVE;
				CLANG_CXX_LANGUAGE_STANDARD = "gnu++14";
				CLANG_CXX_LIBRARY = "libc++";
				CLANG_ENABLE_MODULES = YES;
				CLANG_ENABLE_OBJC_ARC = YES;
				CLANG_ENABLE_OBJC_WEAK = YES;
				CLANG_WARN_BLOCK_CAPTURE_AUTORELEASING = YES;
				CLANG_WARN_BOOL_CONVERSION = YES;
				CLANG_WARN_COMMA = YES;
				CLANG_WARN_CONSTANT_CONVERSION = YES;
				CLANG_WARN_DEPRECATED_OBJC_IMPLEMENTATIONS = YES;
				CLANG_WARN_DIRECT_OBJC_ISA_USAGE = YES_ERROR;
				CLANG_WARN_DOCUMENTATION_COMMENTS = YES;
				CLANG_WARN_EMPTY_BODY = YES;
				CLANG_WARN_ENUM_CONVERSION = YES;
				CLANG_WARN_INFINITE_RECURSION = YES;
				CLANG_WARN_INT_CONVERSION = YES;
				CLANG_WARN_NON_LITERAL_NULL_CONVERSION = YES;
				CLANG_WARN_OBJC_IMPLICIT_RETAIN_SELF = YES;
				CLANG_WARN_OBJC_LITERAL_CONVERSION = YES;
				CLANG_WARN_OBJC_ROOT_CLASS = YES_ERROR;
				CLANG_WARN_RANGE_LOOP_ANALYSIS = YES;
				CLANG_WARN_STRICT_PROTOTYPES = YES;
				CLANG_WARN_SUSPICIOUS_MOVE = YES;
				CLANG_WARN_UNGUARDED_AVAILABILITY = YES_AGGRESSIVE;
				CLANG_WARN_UNREACHABLE_CODE = YES;
				CLANG_WARN__DUPLICATE_METHOD_MATCH = YES;
				COPY_PHASE_STRIP = NO;
				DEBUG_INFORMATION_FORMAT = dwarf;
				ENABLE_STRICT_OBJC_MSGSEND = YES;
				ENABLE_TESTABILITY = YES;
				GCC_C_LANGUAGE_STANDARD = gnu11;
				GCC_DYNAMIC_NO_PIC = NO;
				GCC_NO_COMMON_BLOCKS = YES;
				GCC_OPTIMIZATION_LEVEL = 0;
				GCC_PREPROCESSOR_DEFINITIONS = (
					"DEBUG=1",
					"$(inherited)",
				);
				GCC_WARN_64_TO_32_BIT_CONVERSION = YES;
				GCC_WARN_ABOUT_RETURN_TYPE = YES_ERROR;
				GCC_WARN_UNDECLARED_SELECTOR = YES;
				GCC_WARN_UNINITIALIZED_AUTOS = YES_AGGRESSIVE;
				GCC_WARN_UNUSED_FUNCTION = YES;
				GCC_WARN_UNUSED_VARIABLE = YES;
				IPHONEOS_DEPLOYMENT_TARGET = 13.5;
				MTL_ENABLE_DEBUG_INFO = INCLUDE_SOURCE;
				MTL_FAST_MATH = YES;
				ONLY_ACTIVE_ARCH = YES;
				SDKROOT = iphoneos;
				SWIFT_ACTIVE_COMPILATION_CONDITIONS = DEBUG;
				SWIFT_OPTIMIZATION_LEVEL = "-Onone";
			};
			name = Debug;
		};
		1F299F2524896A4C0094511A /* Release */ = {
			isa = XCBuildConfiguration;
			buildSettings = {
				ALWAYS_SEARCH_USER_PATHS = NO;
				CLANG_ANALYZER_NONNULL = YES;
				CLANG_ANALYZER_NUMBER_OBJECT_CONVERSION = YES_AGGRESSIVE;
				CLANG_CXX_LANGUAGE_STANDARD = "gnu++14";
				CLANG_CXX_LIBRARY = "libc++";
				CLANG_ENABLE_MODULES = YES;
				CLANG_ENABLE_OBJC_ARC = YES;
				CLANG_ENABLE_OBJC_WEAK = YES;
				CLANG_WARN_BLOCK_CAPTURE_AUTORELEASING = YES;
				CLANG_WARN_BOOL_CONVERSION = YES;
				CLANG_WARN_COMMA = YES;
				CLANG_WARN_CONSTANT_CONVERSION = YES;
				CLANG_WARN_DEPRECATED_OBJC_IMPLEMENTATIONS = YES;
				CLANG_WARN_DIRECT_OBJC_ISA_USAGE = YES_ERROR;
				CLANG_WARN_DOCUMENTATION_COMMENTS = YES;
				CLANG_WARN_EMPTY_BODY = YES;
				CLANG_WARN_ENUM_CONVERSION = YES;
				CLANG_WARN_INFINITE_RECURSION = YES;
				CLANG_WARN_INT_CONVERSION = YES;
				CLANG_WARN_NON_LITERAL_NULL_CONVERSION = YES;
				CLANG_WARN_OBJC_IMPLICIT_RETAIN_SELF = YES;
				CLANG_WARN_OBJC_LITERAL_CONVERSION = YES;
				CLANG_WARN_OBJC_ROOT_CLASS = YES_ERROR;
				CLANG_WARN_RANGE_LOOP_ANALYSIS = YES;
				CLANG_WARN_STRICT_PROTOTYPES = YES;
				CLANG_WARN_SUSPICIOUS_MOVE = YES;
				CLANG_WARN_UNGUARDED_AVAILABILITY = YES_AGGRESSIVE;
				CLANG_WARN_UNREACHABLE_CODE = YES;
				CLANG_WARN__DUPLICATE_METHOD_MATCH = YES;
				COPY_PHASE_STRIP = NO;
				DEBUG_INFORMATION_FORMAT = "dwarf-with-dsym";
				ENABLE_NS_ASSERTIONS = NO;
				ENABLE_STRICT_OBJC_MSGSEND = YES;
				GCC_C_LANGUAGE_STANDARD = gnu11;
				GCC_NO_COMMON_BLOCKS = YES;
				GCC_WARN_64_TO_32_BIT_CONVERSION = YES;
				GCC_WARN_ABOUT_RETURN_TYPE = YES_ERROR;
				GCC_WARN_UNDECLARED_SELECTOR = YES;
				GCC_WARN_UNINITIALIZED_AUTOS = YES_AGGRESSIVE;
				GCC_WARN_UNUSED_FUNCTION = YES;
				GCC_WARN_UNUSED_VARIABLE = YES;
				IPHONEOS_DEPLOYMENT_TARGET = 13.5;
				MTL_ENABLE_DEBUG_INFO = NO;
				MTL_FAST_MATH = YES;
				SDKROOT = iphoneos;
				SWIFT_COMPILATION_MODE = wholemodule;
				SWIFT_OPTIMIZATION_LEVEL = "-O";
				VALIDATE_PRODUCT = YES;
			};
			name = Release;
		};
		1F299F2724896A4C0094511A /* Debug */ = {
			isa = XCBuildConfiguration;
			buildSettings = {
				ASSETCATALOG_COMPILER_APPICON_NAME = AppIcon;
				CODE_SIGN_STYLE = Automatic;
				DEVELOPMENT_ASSET_PATHS = "\"FLC/Preview Content\"";
				DEVELOPMENT_TEAM = 7LV3CL7Z6S;
				ENABLE_PREVIEWS = YES;
				INFOPLIST_FILE = FLC/Info.plist;
				LD_RUNPATH_SEARCH_PATHS = (
					"$(inherited)",
					"@executable_path/Frameworks",
				);
				PRODUCT_BUNDLE_IDENTIFIER = Bizblk.FLC;
				PRODUCT_NAME = "$(TARGET_NAME)";
				SWIFT_VERSION = 5.0;
				TARGETED_DEVICE_FAMILY = "1,2";
			};
			name = Debug;
		};
		1F299F2824896A4C0094511A /* Release */ = {
			isa = XCBuildConfiguration;
			buildSettings = {
				ASSETCATALOG_COMPILER_APPICON_NAME = AppIcon;
				CODE_SIGN_STYLE = Automatic;
				DEVELOPMENT_ASSET_PATHS = "\"FLC/Preview Content\"";
				DEVELOPMENT_TEAM = 7LV3CL7Z6S;
				ENABLE_PREVIEWS = YES;
				INFOPLIST_FILE = FLC/Info.plist;
				LD_RUNPATH_SEARCH_PATHS = (
					"$(inherited)",
					"@executable_path/Frameworks",
				);
				PRODUCT_BUNDLE_IDENTIFIER = Bizblk.FLC;
				PRODUCT_NAME = "$(TARGET_NAME)";
				SWIFT_VERSION = 5.0;
				TARGETED_DEVICE_FAMILY = "1,2";
			};
			name = Release;
		};
/* End XCBuildConfiguration section */

/* Begin XCConfigurationList section */
		1F299F0A24896A480094511A /* Build configuration list for PBXProject "FLC" */ = {
			isa = XCConfigurationList;
			buildConfigurations = (
				1F299F2424896A4C0094511A /* Debug */,
				1F299F2524896A4C0094511A /* Release */,
			);
			defaultConfigurationIsVisible = 0;
			defaultConfigurationName = Release;
		};
		1F299F2624896A4C0094511A /* Build configuration list for PBXNativeTarget "FLC" */ = {
			isa = XCConfigurationList;
			buildConfigurations = (
				1F299F2724896A4C0094511A /* Debug */,
				1F299F2824896A4C0094511A /* Release */,
			);
			defaultConfigurationIsVisible = 0;
			defaultConfigurationName = Release;
		};
/* End XCConfigurationList section */

/* Begin XCVersionGroup section */
		1F299F1624896A480094511A /* FLC.xcdatamodeld */ = {
			isa = XCVersionGroup;
			children = (
				1F299F1724896A480094511A /* FLC.xcdatamodel */,
			);
			currentVersion = 1F299F1724896A480094511A /* FLC.xcdatamodel */;
			path = FLC.xcdatamodeld;
			sourceTree = "<group>";
			versionGroupType = wrapper.xcdatamodel;
		};
/* End XCVersionGroup section */
	};
	rootObject = 1F299F0724896A480094511A /* Project object */;
}
